Microsoft Visual Studio Solution File, Format Version 12.00
# Visual Studio Version 17
VisualStudioVersion = 17.5.2.0
MinimumVisualStudioVersion = 10.0.40219.1
Project("{FAE04EC0-301F-11D3-BF4B-00C04F79EFBC}") = "serverside", "serverside\serverside.csproj", "{54E06A78-6AAA-DE58-6348-839E3B381A84}"
EndProject
Global
	GlobalSection(SolutionConfigurationPlatforms) = preSolution
		Debug|Any CPU = Debug|Any CPU
		Release|Any CPU = Release|Any CPU
	EndGlobalSection
	GlobalSection(ProjectConfigurationPlatforms) = postSolution
		{54E06A78-6AAA-DE58-6348-839E3B381A84}.Debug|Any CPU.ActiveCfg = Debug|Any CPU
		{54E06A78-6AAA-DE58-6348-839E3B381A84}.Debug|Any CPU.Build.0 = Debug|Any CPU
		{54E06A78-6AAA-DE58-6348-839E3B381A84}.Release|Any CPU.ActiveCfg = Release|Any CPU
		{54E06A78-6AAA-DE58-6348-839E3B381A84}.Release|Any CPU.Build.0 = Release|Any CPU
	EndGlobalSection
	GlobalSection(SolutionProperties) = preSolution
		HideSolutionNode = FALSE
	EndGlobalSection
	GlobalSection(ExtensibilityGlobals) = postSolution
		SolutionGuid = {FA4525C7-5DAF-4B6D-9081-AFDA73CB187F}
	EndGlobalSection
EndGlobal
